
Microsoft Visual Studio Solution File, Format Version 12.00
Project("{FAE04EC0-301F-11D3-BF4B-00C04F79EFBC}") = "WinthainerCommand", "WinthainerCommand\WinthainerCommand.csproj", "{349212D2-0EB1-472B-89A8-9EE128065CAE}"
EndProject
Project("{FAE04EC0-301F-11D3-BF4B-00C04F79EFBC}") = "WinthainerService", "WinthainerService\WinthainerService.csproj", "{ECE9F086-40D3-4A93-8237-12290C7B0791}"
EndProject
Project("{FAE04EC0-301F-11D3-BF4B-00C04F79EFBC}") = "WinthainerInstaller", "WinthainerInstaller\WinthainerInstaller.csproj", "{C7B894C5-E1BC-472F-9C12-07CC90642C41}"
EndProject
Global
	GlobalSection(SolutionConfigurationPlatforms) = preSolution
		Debug|Any CPU = Debug|Any CPU
		Release|Any CPU = Release|Any CPU
	EndGlobalSection
	GlobalSection(ProjectConfigurationPlatforms) = postSolution
		{349212D2-0EB1-472B-89A8-9EE128065CAE}.Debug|Any CPU.ActiveCfg = Debug|Any CPU
		{349212D2-0EB1-472B-89A8-9EE128065CAE}.Debug|Any CPU.Build.0 = Debug|Any CPU
		{349212D2-0EB1-472B-89A8-9EE128065CAE}.Release|Any CPU.ActiveCfg = Release|Any CPU
		{349212D2-0EB1-472B-89A8-9EE128065CAE}.Release|Any CPU.Build.0 = Release|Any CPU
		{349212D2-0EB1-472B-89A8-9EE128065CAE}.Release|Any CPU.Deploy.0 = Release|Any CPU
		{ECE9F086-40D3-4A93-8237-12290C7B0791}.Debug|Any CPU.ActiveCfg = Debug|Any CPU
		{ECE9F086-40D3-4A93-8237-12290C7B0791}.Debug|Any CPU.Build.0 = Debug|Any CPU
		{ECE9F086-40D3-4A93-8237-12290C7B0791}.Release|Any CPU.ActiveCfg = Release|Any CPU
		{ECE9F086-40D3-4A93-8237-12290C7B0791}.Release|Any CPU.Build.0 = Release|Any CPU
		{ECE9F086-40D3-4A93-8237-12290C7B0791}.Release|Any CPU.Deploy.0 = Release|Any CPU
		{C7B894C5-E1BC-472F-9C12-07CC90642C41}.Debug|Any CPU.ActiveCfg = Debug|Any CPU
		{C7B894C5-E1BC-472F-9C12-07CC90642C41}.Debug|Any CPU.Build.0 = Debug|Any CPU
		{C7B894C5-E1BC-472F-9C12-07CC90642C41}.Release|Any CPU.ActiveCfg = Release|Any CPU
		{C7B894C5-E1BC-472F-9C12-07CC90642C41}.Release|Any CPU.Build.0 = Release|Any CPU
	EndGlobalSection
EndGlobal
